
Microsoft Visual Studio Solution File, Format Version 12.00
# Visual Studio Version 16
VisualStudioVersion = 16.0.30804.86
MinimumVisualStudioVersion = 15.0.26124.0
Project("{FAE04EC0-301F-11D3-BF4B-00C04F79EFBC}") = "Prefab", "src\Prefab\Prefab.csproj", "{D6B1112D-38D3-4C54-A72A-53096F43399D}"
EndProject
Global
	GlobalSection(SolutionConfigurationPlatforms) = preSolution
		Debug|Any CPU = Debug|Any CPU
		Debug|x64 = Debug|x64
		Debug|x86 = Debug|x86
		Release|Any CPU = Release|Any CPU
		Release|x64 = Release|x64
		Release|x86 = Release|x86
	EndGlobalSection
	GlobalSection(ProjectConfigurationPlatforms) = postSolution
		{D6B1112D-38D3-4C54-A72A-53096F43399D}.Debug|Any CPU.ActiveCfg = Debug|Any CPU
		{D6B1112D-38D3-4C54-A72A-53096F43399D}.Debug|Any CPU.Build.0 = Debug|Any CPU
		{D6B1112D-38D3-4C54-A72A-53096F43399D}.Debug|x64.ActiveCfg = Debug|Any CPU
		{D6B1112D-38D3-4C54-A72A-53096F43399D}.Debug|x64.Build.0 = Debug|Any CPU
		{D6B1112D-38D3-4C54-A72A-53096F43399D}.Debug|x86.ActiveCfg = Debug|Any CPU
		{D6B1112D-38D3-4C54-A72A-53096F43399D}.Debug|x86.Build.0 = Debug|Any CPU
		{D6B1112D-38D3-4C54-A72A-53096F43399D}.Release|Any CPU.ActiveCfg = Release|Any CPU
		{D6B1112D-38D3-4C54-A72A-53096F43399D}.Release|Any CPU.Build.0 = Release|Any CPU
		{D6B1112D-38D3-4C54-A72A-53096F43399D}.Release|x64.ActiveCfg = Release|Any CPU
		{D6B1112D-38D3-4C54-A72A-53096F43399D}.Release|x64.Build.0 = Release|Any CPU
		{D6B1112D-38D3-4C54-A72A-53096F43399D}.Release|x86.ActiveCfg = Release|Any CPU
		{D6B1112D-38D3-4C54-A72A-53096F43399D}.Release|x86.Build.0 = Release|Any CPU
	EndGlobalSection
	GlobalSection(SolutionProperties) = preSolution
		HideSolutionNode = FALSE
	EndGlobalSection
	GlobalSection(ExtensibilityGlobals) = postSolution
		SolutionGuid = {CFFCE02B-8833-4385-83AE-A3659B156975}
	EndGlobalSection
EndGlobal
